
Microsoft Visual Studio Solution File, Format Version 12.00
# Visual Studio Version 17
VisualStudioVersion = 17.9.34701.34
MinimumVisualStudioVersion = 10.0.40219.1
Project("{FAE04EC0-301F-11D3-BF4B-00C04F79EFBC}") = "modul7_kelompok_8", "modul7_kelompok_8\modul7_kelompok_8.csproj", "{07315E2B-AD3F-412B-89C9-CDA7CEA56465}"
EndProject
Global
	GlobalSection(SolutionConfigurationPlatforms) = preSolution
		Debug|Any CPU = Debug|Any CPU
		Release|Any CPU = Release|Any CPU
	EndGlobalSection
	GlobalSection(ProjectConfigurationPlatforms) = postSolution
		{07315E2B-AD3F-412B-89C9-CDA7CEA56465}.Debug|Any CPU.ActiveCfg = Debug|Any CPU
		{07315E2B-AD3F-412B-89C9-CDA7CEA56465}.Debug|Any CPU.Build.0 = Debug|Any CPU
		{07315E2B-AD3F-412B-89C9-CDA7CEA56465}.Release|Any CPU.ActiveCfg = Release|Any CPU
		{07315E2B-AD3F-412B-89C9-CDA7CEA56465}.Release|Any CPU.Build.0 = Release|Any CPU
	EndGlobalSection
	GlobalSection(SolutionProperties) = preSolution
		HideSolutionNode = FALSE
	EndGlobalSection
	GlobalSection(ExtensibilityGlobals) = postSolution
		SolutionGuid = {F7E82BB0-503D-4591-BA19-DC03B55A931B}
	EndGlobalSection
EndGlobal
